
Microsoft Visual Studio Solution File, Format Version 12.00
# Visual Studio Version 16
VisualStudioVersion = 16.0.31702.278
MinimumVisualStudioVersion = 10.0.40219.1
Project("{8BC9CEB8-8B4A-11D0-8D11-00A0C91BC942}") = "tictactoe attempt 2", "tictactoe attempt 2\tictactoe attempt 2.vcxproj", "{7FDA857D-1E07-497D-802D-6B2CC74D5498}"
EndProject
Global
	GlobalSection(SolutionConfigurationPlatforms) = preSolution
		Debug|x64 = Debug|x64
		Debug|x86 = Debug|x86
		Release|x64 = Release|x64
		Release|x86 = Release|x86
	EndGlobalSection
	GlobalSection(ProjectConfigurationPlatforms) = postSolution
		{7FDA857D-1E07-497D-802D-6B2CC74D5498}.Debug|x64.ActiveCfg = Debug|x64
		{7FDA857D-1E07-497D-802D-6B2CC74D5498}.Debug|x64.Build.0 = Debug|x64
		{7FDA857D-1E07-497D-802D-6B2CC74D5498}.Debug|x86.ActiveCfg = Debug|Win32
		{7FDA857D-1E07-497D-802D-6B2CC74D5498}.Debug|x86.Build.0 = Debug|Win32
		{7FDA857D-1E07-497D-802D-6B2CC74D5498}.Release|x64.ActiveCfg = Release|x64
		{7FDA857D-1E07-497D-802D-6B2CC74D5498}.Release|x64.Build.0 = Release|x64
		{7FDA857D-1E07-497D-802D-6B2CC74D5498}.Release|x86.ActiveCfg = Release|Win32
		{7FDA857D-1E07-497D-802D-6B2CC74D5498}.Release|x86.Build.0 = Release|Win32
	EndGlobalSection
	GlobalSection(SolutionProperties) = preSolution
		HideSolutionNode = FALSE
	EndGlobalSection
	GlobalSection(ExtensibilityGlobals) = postSolution
		SolutionGuid = {A6A62EC0-B6B6-4259-AA2E-9A163E1C1B97}
	EndGlobalSection
EndGlobal
